
Microsoft Visual Studio Solution File, Format Version 12.00
# Visual Studio Version 17
VisualStudioVersion = 17.0.31903.0
MinimumVisualStudioVersion = 10.0.40219.1
Project("{9A19103F-16F7-4668-BE54-9A1E7A4F7556}") = "Jellyfin.Plugin.TmdbTrending", "Jellyfin.Plugin.TmdbTrending\Jellyfin.Plugin.TmdbTrending.csproj", "{BF786068-50D2-4BF6-A474-3665EC78F0C9}"
EndProject
Global
	GlobalSection(SolutionConfigurationPlatforms) = preSolution
		Debug|Any CPU = Debug|Any CPU
		Release|Any CPU = Release|Any CPU
	EndGlobalSection
	GlobalSection(ProjectConfigurationPlatforms) = postSolution
		{BF786068-50D2-4BF6-A474-3665EC78F0C9}.Debug|Any CPU.ActiveCfg = Debug|Any CPU
		{BF786068-50D2-4BF6-A474-3665EC78F0C9}.Debug|Any CPU.Build.0 = Debug|Any CPU
		{BF786068-50D2-4BF6-A474-3665EC78F0C9}.Release|Any CPU.ActiveCfg = Release|Any CPU
		{BF786068-50D2-4BF6-A474-3665EC78F0C9}.Release|Any CPU.Build.0 = Release|Any CPU
	EndGlobalSection
	GlobalSection(SolutionProperties) = preSolution
		HideSolutionNode = FALSE
	EndGlobalSection
	GlobalSection(ExtensibilityGlobals) = postSolution
		SolutionGuid = {BF786068-50D2-4BF6-A474-3665EC78F0C9}
	EndGlobalSection
EndGlobal
